
Microsoft Visual Studio Solution File, Format Version 12.00
# Visual Studio 2012
Project("{FAE04EC0-301F-11D3-BF4B-00C04F79EFBC}") = "OPC_DC_Forms", "OPC_DC_Forms\OPC_DC_Forms.csproj", "{21E3BDF8-EC8E-4DF3-8870-EC346D22C85F}"
EndProject
Global
	GlobalSection(SolutionConfigurationPlatforms) = preSolution
		Debug|Any CPU = Debug|Any CPU
		Release|Any CPU = Release|Any CPU
	EndGlobalSection
	GlobalSection(ProjectConfigurationPlatforms) = postSolution
		{21E3BDF8-EC8E-4DF3-8870-EC346D22C85F}.Debug|Any CPU.ActiveCfg = Debug|Any CPU
		{21E3BDF8-EC8E-4DF3-8870-EC346D22C85F}.Debug|Any CPU.Build.0 = Debug|Any CPU
		{21E3BDF8-EC8E-4DF3-8870-EC346D22C85F}.Release|Any CPU.ActiveCfg = Release|Any CPU
		{21E3BDF8-EC8E-4DF3-8870-EC346D22C85F}.Release|Any CPU.Build.0 = Release|Any CPU
	EndGlobalSection
	GlobalSection(SolutionProperties) = preSolution
		HideSolutionNode = FALSE
	EndGlobalSection
EndGlobal
