
Microsoft Visual Studio Solution File, Format Version 12.00
# Visual Studio 2013
VisualStudioVersion = 12.0.30501.0
MinimumVisualStudioVersion = 10.0.40219.1
Project("{FAE04EC0-301F-11D3-BF4B-00C04F79EFBC}") = "WHFCS.OPC.Server", "WHFCS.OPC.Server.csproj", "{8371B3C9-9DD8-4665-A7E5-3282598A3210}"
EndProject
Project("{FAE04EC0-301F-11D3-BF4B-00C04F79EFBC}") = "WHFCS.DBUtility", "..\WHFCS.DBUtility\WHFCS.DBUtility.csproj", "{85E38B9E-4843-41A5-93F7-2EAF573EC589}"
EndProject
Project("{FAE04EC0-301F-11D3-BF4B-00C04F79EFBC}") = "WHFCS.Log", "..\WHFCS.Log\WHFCS.Log.csproj", "{468AC6F3-CDD4-45AB-BBBE-618A5BFF4248}"
EndProject
Global
	GlobalSection(SolutionConfigurationPlatforms) = preSolution
		Debug|Any CPU = Debug|Any CPU
		Release|Any CPU = Release|Any CPU
	EndGlobalSection
	GlobalSection(ProjectConfigurationPlatforms) = postSolution
		{8371B3C9-9DD8-4665-A7E5-3282598A3210}.Debug|Any CPU.ActiveCfg = Debug|Any CPU
		{8371B3C9-9DD8-4665-A7E5-3282598A3210}.Debug|Any CPU.Build.0 = Debug|Any CPU
		{8371B3C9-9DD8-4665-A7E5-3282598A3210}.Release|Any CPU.ActiveCfg = Release|Any CPU
		{8371B3C9-9DD8-4665-A7E5-3282598A3210}.Release|Any CPU.Build.0 = Release|Any CPU
		{85E38B9E-4843-41A5-93F7-2EAF573EC589}.Debug|Any CPU.ActiveCfg = Debug|Any CPU
		{85E38B9E-4843-41A5-93F7-2EAF573EC589}.Debug|Any CPU.Build.0 = Debug|Any CPU
		{85E38B9E-4843-41A5-93F7-2EAF573EC589}.Release|Any CPU.ActiveCfg = Release|Any CPU
		{85E38B9E-4843-41A5-93F7-2EAF573EC589}.Release|Any CPU.Build.0 = Release|Any CPU
		{468AC6F3-CDD4-45AB-BBBE-618A5BFF4248}.Debug|Any CPU.ActiveCfg = Debug|Any CPU
		{468AC6F3-CDD4-45AB-BBBE-618A5BFF4248}.Debug|Any CPU.Build.0 = Debug|Any CPU
		{468AC6F3-CDD4-45AB-BBBE-618A5BFF4248}.Release|Any CPU.ActiveCfg = Release|Any CPU
		{468AC6F3-CDD4-45AB-BBBE-618A5BFF4248}.Release|Any CPU.Build.0 = Release|Any CPU
	EndGlobalSection
	GlobalSection(SolutionProperties) = preSolution
		HideSolutionNode = FALSE
	EndGlobalSection
EndGlobal
